{
  "name": "@psychomantis/uuid-generator",
  "version": "1.0.1",
  "lockfileVersion": 2,
  "requires": true,
  "packages": {
    "": {
      "name": "@psychomantis/uuid-generator",
      "version": "1.0.1",
      "license": "ISC",
      "dependencies": {
        "@psychomantis/uuid-generator": "^1.0.1",
        "@types/node": "^16.11.1"
      },
      "devDependencies": {}
    },
    "node_modules/@psychomantis/uuid-generator": {
      "version": "1.0.1",
      "resolved": "https://registry.npmjs.org/@psychomantis/uuid-generator/-/uuid-generator-1.0.1.tgz",
      "integrity": "sha512-KEMxwxn01DwRCGG5DFcOTF3vrGLFodiv2avZ6mdieR/DSENS34cVu7u0uOXj4ViqrQeJ/U3A+tyDkuZGqQjUaQ==",
      "dependencies": {
        "@types/node": "^16.11.1"
      }
    },
    "node_modules/@types/node": {
      "version": "16.11.1",
      "resolved": "https://registry.npmjs.org/@types/node/-/node-16.11.1.tgz",
      "integrity": "sha512-PYGcJHL9mwl1Ek3PLiYgyEKtwTMmkMw4vbiyz/ps3pfdRYLVv+SN7qHVAImrjdAXxgluDEw6Ph4lyv+m9UpRmA=="
    }
  },
  "dependencies": {
    "@psychomantis/uuid-generator": {
      "version": "1.0.1",
      "resolved": "https://registry.npmjs.org/@psychomantis/uuid-generator/-/uuid-generator-1.0.1.tgz",
      "integrity": "sha512-KEMxwxn01DwRCGG5DFcOTF3vrGLFodiv2avZ6mdieR/DSENS34cVu7u0uOXj4ViqrQeJ/U3A+tyDkuZGqQjUaQ==",
      "requires": {
        "@types/node": "^16.11.1"
      }
    },
    "@types/node": {
      "version": "16.11.1",
      "resolved": "https://registry.npmjs.org/@types/node/-/node-16.11.1.tgz",
      "integrity": "sha512-PYGcJHL9mwl1Ek3PLiYgyEKtwTMmkMw4vbiyz/ps3pfdRYLVv+SN7qHVAImrjdAXxgluDEw6Ph4lyv+m9UpRmA=="
    }
  }
}
